
Microsoft Visual Studio Solution File, Format Version 12.00
# Visual Studio 2013
VisualStudioVersion = 12.0.21005.1
MinimumVisualStudioVersion = 10.0.40219.1
Project("{FAE04EC0-301F-11D3-BF4B-00C04F79EFBC}") = "FizzBuzz", "CodeEval\FizzBuzz.csproj", "{023F088A-E167-4872-9F74-D9244292867D}"
EndProject
Project("{FAE04EC0-301F-11D3-BF4B-00C04F79EFBC}") = "MultiplesOfANumber", "MultiplesOfANumber\MultiplesOfANumber.csproj", "{1F07BDB6-6B9E-463C-9CF3-A83568503BF0}"
EndProject
Project("{FAE04EC0-301F-11D3-BF4B-00C04F79EFBC}") = "TwentyFortyEight", "TwentyFortyEight\TwentyFortyEight.csproj", "{AD2066B1-7A89-44B0-BDE1-B08482B8A024}"
EndProject
Project("{FAE04EC0-301F-11D3-BF4B-00C04F79EFBC}") = "EvalTest", "TwentyFortyEightTest\EvalTest.csproj", "{01823EC7-2EFD-45CD-B338-8901A37D0BE4}"
EndProject
Project("{FAE04EC0-301F-11D3-BF4B-00C04F79EFBC}") = "SwapNumbers", "SwapNumbers\SwapNumbers.csproj", "{4BBE43A2-F814-4868-9462-F9A01CF0B8EC}"
EndProject
Global
	GlobalSection(SolutionConfigurationPlatforms) = preSolution
		Debug|Any CPU = Debug|Any CPU
		Release|Any CPU = Release|Any CPU
	EndGlobalSection
	GlobalSection(ProjectConfigurationPlatforms) = postSolution
		{023F088A-E167-4872-9F74-D9244292867D}.Debug|Any CPU.ActiveCfg = Debug|Any CPU
		{023F088A-E167-4872-9F74-D9244292867D}.Debug|Any CPU.Build.0 = Debug|Any CPU
		{023F088A-E167-4872-9F74-D9244292867D}.Release|Any CPU.ActiveCfg = Release|Any CPU
		{023F088A-E167-4872-9F74-D9244292867D}.Release|Any CPU.Build.0 = Release|Any CPU
		{1F07BDB6-6B9E-463C-9CF3-A83568503BF0}.Debug|Any CPU.ActiveCfg = Debug|Any CPU
		{1F07BDB6-6B9E-463C-9CF3-A83568503BF0}.Debug|Any CPU.Build.0 = Debug|Any CPU
		{1F07BDB6-6B9E-463C-9CF3-A83568503BF0}.Release|Any CPU.ActiveCfg = Release|Any CPU
		{1F07BDB6-6B9E-463C-9CF3-A83568503BF0}.Release|Any CPU.Build.0 = Release|Any CPU
		{AD2066B1-7A89-44B0-BDE1-B08482B8A024}.Debug|Any CPU.ActiveCfg = Debug|Any CPU
		{AD2066B1-7A89-44B0-BDE1-B08482B8A024}.Debug|Any CPU.Build.0 = Debug|Any CPU
		{AD2066B1-7A89-44B0-BDE1-B08482B8A024}.Release|Any CPU.ActiveCfg = Release|Any CPU
		{AD2066B1-7A89-44B0-BDE1-B08482B8A024}.Release|Any CPU.Build.0 = Release|Any CPU
		{01823EC7-2EFD-45CD-B338-8901A37D0BE4}.Debug|Any CPU.ActiveCfg = Debug|Any CPU
		{01823EC7-2EFD-45CD-B338-8901A37D0BE4}.Debug|Any CPU.Build.0 = Debug|Any CPU
		{01823EC7-2EFD-45CD-B338-8901A37D0BE4}.Release|Any CPU.ActiveCfg = Release|Any CPU
		{01823EC7-2EFD-45CD-B338-8901A37D0BE4}.Release|Any CPU.Build.0 = Release|Any CPU
		{4BBE43A2-F814-4868-9462-F9A01CF0B8EC}.Debug|Any CPU.ActiveCfg = Debug|Any CPU
		{4BBE43A2-F814-4868-9462-F9A01CF0B8EC}.Debug|Any CPU.Build.0 = Debug|Any CPU
		{4BBE43A2-F814-4868-9462-F9A01CF0B8EC}.Release|Any CPU.ActiveCfg = Release|Any CPU
		{4BBE43A2-F814-4868-9462-F9A01CF0B8EC}.Release|Any CPU.Build.0 = Release|Any CPU
	EndGlobalSection
	GlobalSection(SolutionProperties) = preSolution
		HideSolutionNode = FALSE
	EndGlobalSection
EndGlobal
